github.com/coder/websocket v1.8.15 h1:6B2JPeOGlpff2Uz6vOEH1Vzpi0iUz20A+lPVhPHtNUA=
github.com/coder/websocket v1.8.15/go.mod h1:NX3SzP+inril6yawo5CQXx8+fk145lPDC6pumgx0mVg=
github.com/spice-framework/spice v0.0.0-20260805175412-383c17744300 h1:cqHN/VvCqhwGqj8kR+2XAev9PVSDOnW7AtkkI88XbwM=
github.com/spice-framework/spice v0.0.0-20260805175412-383c17744300/go.mod h1:823ZmaopXc+f3ASWbIJL26fEXl1HP7lpyO0x5tE74tE=
